{
  "lib/automata-dcap-attestation": {
    "branch": {
      "name": "espresso-nitro",
      "rev": "85baefeaa162b733a39df46a43ec2f9480fb27dc"
    }
  },
  "lib/aws-nitro-enclave-attestation": {
    "rev": "faa9fcb126bd0d03d39e76e59d79b4be2ab122c8"
  },
  "lib/forge-std": {
    "rev": "6853b9ec7df5dc0c213b05ae67785ad4f4baa0ea"
  },
  "lib/openzeppelin-contracts": {
    "tag": {
      "name": "v5.5.0",
      "rev": "fcbae5394ae8ad52d8e580a3477db99814b9d565"
    }
  },
  "lib/openzeppelin-contracts-upgradeable": {
    "tag": {
      "name": "v5.5.0",
      "rev": "aa677e9d28ed78fc427ec47ba2baef2030c58e7c"
    }
  },
  "lib/safe-utils": {
    "rev": "506cf9f38efa42a76c9b56dba5cc446adb2582ca"
  }
}